{
  "version": 4,
  "terraform_version": "1.14.8",
  "serial": 27,
  "lineage": "692742be-ba16-ba67-30b0-08376768bd24",
  "outputs": {
    "generated_lb_name": {
      "value": "vcfcli-3nqm-lb",
      "type": "string"
    },
    "generated_subnet_name": {
      "value": "vcfcli-3nqm-subnet",
      "type": "string"
    },
    "generated_vm_name": {
      "value": "vcfcli-3nqm-vm",
      "type": "string"
    }
  },
  "resources": [
    {
      "mode": "managed",
      "type": "kubernetes_manifest",
      "name": "vcfcli_lb",
      "provider": "provider[\"registry.terraform.io/hashicorp/kubernetes\"]",
      "instances": [
        {
          "schema_version": 1,
          "attributes": {
            "computed_fields": null,
            "field_manager": [],
            "manifest": {
              "value": {
                "apiVersion": "vmoperator.vmware.com/v1alpha3",
                "kind": "VirtualMachineService",
                "metadata": {
                  "name": "vcfcli-3nqm-lb",
                  "namespace": "greg01-b2y9g"
                },
                "spec": {
                  "ports": [
                    {
                      "name": "ssh",
                      "port": 22,
                      "protocol": "TCP",
                      "targetPort": 22
                    }
                  ],
                  "selector": {
                    "vcfcli-3nqm-vm": "vm-lb-selector"
                  },
                  "type": "LoadBalancer"
                }
              },
              "type": [
                "object",
                {
                  "apiVersion": "string",
                  "kind": "string",
                  "metadata": [
                    "object",
                    {
                      "name": "string",
                      "namespace": "string"
                    }
                  ],
                  "spec": [
                    "object",
                    {
                      "ports": [
                        "tuple",
                        [
                          [
                            "object",
                            {
                              "name": "string",
                              "port": "number",
                              "protocol": "string",
                              "targetPort": "number"
                            }
                          ]
                        ]
                      ],
                      "selector": [
                        "object",
                        {
                          "vcfcli-3nqm-vm": "string"
                        }
                      ],
                      "type": "string"
                    }
                  ]
                }
              ]
            },
            "object": {
              "value": {
                "apiVersion": "vmoperator.vmware.com/v1alpha3",
                "kind": "VirtualMachineService",
                "metadata": {
                  "annotations": null,
                  "creationTimestamp": null,
                  "deletionGracePeriodSeconds": null,
                  "deletionTimestamp": null,
                  "finalizers": null,
                  "generateName": null,
                  "generation": null,
                  "labels": null,
                  "managedFields": null,
                  "name": "vcfcli-3nqm-lb",
                  "namespace": "greg01-b2y9g",
                  "ownerReferences": null,
                  "resourceVersion": null,
                  "selfLink": null,
                  "uid": null
                },
                "spec": {
                  "clusterIp": null,
                  "externalName": null,
                  "loadBalancerIP": null,
                  "loadBalancerSourceRanges": null,
                  "ports": [
                    {
                      "name": "ssh",
                      "port": 22,
                      "protocol": "TCP",
                      "targetPort": 22
                    }
                  ],
                  "selector": {
                    "vcfcli-3nqm-vm": "vm-lb-selector"
                  },
                  "type": "LoadBalancer"
                }
              },
              "type": [
                "object",
                {
                  "apiVersion": "string",
                  "kind": "string",
                  "metadata": [
                    "object",
                    {
                      "annotations": [
                        "map",
                        "string"
                      ],
                      "creationTimestamp": "string",
                      "deletionGracePeriodSeconds": "number",
                      "deletionTimestamp": "string",
                      "finalizers": [
                        "list",
                        "string"
                      ],
                      "generateName": "string",
                      "generation": "number",
                      "labels": [
                        "map",
                        "string"
                      ],
                      "managedFields": [
                        "tuple",
                        [
                          [
                            "object",
                            {
                              "apiVersion": "string",
                              "fieldsType": "string",
                              "fieldsV1": "dynamic",
                              "manager": "string",
                              "operation": "string",
                              "subresource": "string",
                              "time": "string"
                            }
                          ]
                        ]
                      ],
                      "name": "string",
                      "namespace": "string",
                      "ownerReferences": [
                        "list",
                        [
                          "object",
                          {
                            "apiVersion": "string",
                            "blockOwnerDeletion": "bool",
                            "controller": "bool",
                            "kind": "string",
                            "name": "string",
                            "uid": "string"
                          }
                        ]
                      ],
                      "resourceVersion": "string",
                      "selfLink": "string",
                      "uid": "string"
                    }
                  ],
                  "spec": [
                    "object",
                    {
                      "clusterIp": "string",
                      "externalName": "string",
                      "loadBalancerIP": "string",
                      "loadBalancerSourceRanges": [
                        "list",
                        "string"
                      ],
                      "ports": [
                        "list",
                        [
                          "object",
                          {
                            "name": "string",
                            "port": "number",
                            "protocol": "string",
                            "targetPort": "number"
                          }
                        ]
                      ],
                      "selector": [
                        "map",
                        "string"
                      ],
                      "type": "string"
                    }
                  ]
                }
              ]
            },
            "timeouts": [],
            "wait": [],
            "wait_for": null
          },
          "sensitive_attributes": [],
          "identity_schema_version": 1,
          "identity": {
            "api_version": "vmoperator.vmware.com/v1alpha3",
            "kind": "VirtualMachineService",
            "name": "vcfcli-3nqm-lb",
            "namespace": "greg01-b2y9g"
          }
        }
      ]
    },
    {
      "mode": "managed",
      "type": "kubernetes_manifest",
      "name": "vcfcli_subnet",
      "provider": "provider[\"registry.terraform.io/hashicorp/kubernetes\"]",
      "instances": [
        {
          "schema_version": 1,
          "attributes": {
            "computed_fields": null,
            "field_manager": [],
            "manifest": {
              "value": {
                "apiVersion": "crd.nsx.vmware.com/v1alpha1",
                "kind": "Subnet",
                "metadata": {
                  "name": "vcfcli-3nqm-subnet",
                  "namespace": "greg01-b2y9g"
                },
                "spec": {
                  "accessMode": "PrivateTGW",
                  "ipAddresses": [],
                  "ipv4SubnetSize": 16,
                  "subnetDHCPConfig": {
                    "mode": "DHCPServer"
                  }
                }
              },
              "type": [
                "object",
                {
                  "apiVersion": "string",
                  "kind": "string",
                  "metadata": [
                    "object",
                    {
                      "name": "string",
                      "namespace": "string"
                    }
                  ],
                  "spec": [
                    "object",
                    {
                      "accessMode": "string",
                      "ipAddresses": [
                        "tuple",
                        []
                      ],
                      "ipv4SubnetSize": "number",
                      "subnetDHCPConfig": [
                        "object",
                        {
                          "mode": "string"
                        }
                      ]
                    }
                  ]
                }
              ]
            },
            "object": {
              "value": {
                "apiVersion": "crd.nsx.vmware.com/v1alpha1",
                "kind": "Subnet",
                "metadata": {
                  "annotations": null,
                  "creationTimestamp": null,
                  "deletionGracePeriodSeconds": null,
                  "deletionTimestamp": null,
                  "finalizers": null,
                  "generateName": null,
                  "generation": null,
                  "labels": null,
                  "managedFields": null,
                  "name": "vcfcli-3nqm-subnet",
                  "namespace": "greg01-b2y9g",
                  "ownerReferences": null,
                  "resourceVersion": null,
                  "selfLink": null,
                  "uid": null
                },
                "spec": {
                  "accessMode": "PrivateTGW",
                  "ipAddresses": [],
                  "ipv4SubnetSize": 16,
                  "subnetDHCPConfig": {
                    "mode": "DHCPServer"
                  }
                }
              },
              "type": [
                "object",
                {
                  "apiVersion": "string",
                  "kind": "string",
                  "metadata": [
                    "object",
                    {
                      "annotations": [
                        "map",
                        "string"
                      ],
                      "creationTimestamp": "string",
                      "deletionGracePeriodSeconds": "number",
                      "deletionTimestamp": "string",
                      "finalizers": [
                        "list",
                        "string"
                      ],
                      "generateName": "string",
                      "generation": "number",
                      "labels": [
                        "map",
                        "string"
                      ],
                      "managedFields": [
                        "tuple",
                        [
                          [
                            "object",
                            {
                              "apiVersion": "string",
                              "fieldsType": "string",
                              "fieldsV1": "dynamic",
                              "manager": "string",
                              "operation": "string",
                              "subresource": "string",
                              "time": "string"
                            }
                          ]
                        ]
                      ],
                      "name": "string",
                      "namespace": "string",
                      "ownerReferences": [
                        "list",
                        [
                          "object",
                          {
                            "apiVersion": "string",
                            "blockOwnerDeletion": "bool",
                            "controller": "bool",
                            "kind": "string",
                            "name": "string",
                            "uid": "string"
                          }
                        ]
                      ],
                      "resourceVersion": "string",
                      "selfLink": "string",
                      "uid": "string"
                    }
                  ],
                  "spec": [
                    "object",
                    {
                      "accessMode": "string",
                      "ipAddresses": [
                        "list",
                        "string"
                      ],
                      "ipv4SubnetSize": "number",
                      "subnetDHCPConfig": [
                        "object",
                        {
                          "mode": "string"
                        }
                      ]
                    }
                  ]
                }
              ]
            },
            "timeouts": [],
            "wait": [],
            "wait_for": null
          },
          "sensitive_attributes": [],
          "identity_schema_version": 1,
          "identity": {
            "api_version": "crd.nsx.vmware.com/v1alpha1",
            "kind": "Subnet",
            "name": "vcfcli-3nqm-subnet",
            "namespace": "greg01-b2y9g"
          }
        }
      ]
    },
    {
      "mode": "managed",
      "type": "kubernetes_manifest",
      "name": "vcfcli_vm",
      "provider": "provider[\"registry.terraform.io/hashicorp/kubernetes\"]",
      "instances": [
        {
          "schema_version": 1,
          "attributes": {
            "computed_fields": null,
            "field_manager": [],
            "manifest": {
              "value": {
                "apiVersion": "vmoperator.vmware.com/v1alpha3",
                "kind": "VirtualMachine",
                "metadata": {
                  "labels": {
                    "vcfcli-3nqm-vm": "vm-lb-selector",
                    "vm-selector": "vcfcli-3nqm-vm"
                  },
                  "name": "vcfcli-3nqm-vm",
                  "namespace": "greg01-b2y9g"
                },
                "spec": {
                  "bootstrap": {
                    "cloudInit": {
                      "cloudConfig": {
                        "defaultUserEnabled": true,
                        "ssh_pwauth": true,
                        "users": [
                          {
                            "lock_passwd": false,
                            "name": "gregory",
                            "passwd": {
                              "key": "gregory-passwd",
                              "name": "gregory-bootstrap-secret"
                            },
                            "sudo": "ALL=(ALL) NOPASSWD:ALL"
                          }
                        ]
                      }
                    }
                  },
                  "className": "best-effort-small",
                  "imageName": "vmi-81775fc9d7e0c99bd",
                  "network": {
                    "interfaces": [
                      {
                        "name": "eth0",
                        "network": {
                          "kind": "Subnet",
                          "name": "vcfcli-3nqm-subnet"
                        }
                      }
                    ]
                  },
                  "powerState": "PoweredOn",
                  "storageClass": "vsan-default-storage-policy"
                }
              },
              "type": [
                "object",
                {
                  "apiVersion": "string",
                  "kind": "string",
                  "metadata": [
                    "object",
                    {
                      "labels": [
                        "object",
                        {
                          "vcfcli-3nqm-vm": "string",
                          "vm-selector": "string"
                        }
                      ],
                      "name": "string",
                      "namespace": "string"
                    }
                  ],
                  "spec": [
                    "object",
                    {
                      "bootstrap": [
                        "object",
                        {
                          "cloudInit": [
                            "object",
                            {
                              "cloudConfig": [
                                "object",
                                {
                                  "defaultUserEnabled": "bool",
                                  "ssh_pwauth": "bool",
                                  "users": [
                                    "tuple",
                                    [
                                      [
                                        "object",
                                        {
                                          "lock_passwd": "bool",
                                          "name": "string",
                                          "passwd": [
                                            "object",
                                            {
                                              "key": "string",
                                              "name": "string"
                                            }
                                          ],
                                          "sudo": "string"
                                        }
                                      ]
                                    ]
                                  ]
                                }
                              ]
                            }
                          ]
                        }
                      ],
                      "className": "string",
                      "imageName": "string",
                      "network": [
                        "object",
                        {
                          "interfaces": [
                            "tuple",
                            [
                              [
                                "object",
                                {
                                  "name": "string",
                                  "network": [
                                    "object",
                                    {
                                      "kind": "string",
                                      "name": "string"
                                    }
                                  ]
                                }
                              ]
                            ]
                          ]
                        }
                      ],
                      "powerState": "string",
                      "storageClass": "string"
                    }
                  ]
                }
              ]
            },
            "object": {
              "value": {
                "apiVersion": "vmoperator.vmware.com/v1alpha3",
                "kind": "VirtualMachine",
                "metadata": {
                  "annotations": {
                    "vmoperator.vmware.com/conversion": "{\"apiVersion\":\"vmoperator.vmware.com/v1alpha4\",\"kind\":\"VirtualMachine\",\"spec\":{\"biosUUID\":\"f39c687c-d426-425a-b6fb-11eb90ccbc52\",\"bootstrap\":{\"cloudInit\":{\"cloudConfig\":{\"defaultUserEnabled\":true,\"ssh_pwauth\":true,\"users\":[{\"lock_passwd\":false,\"name\":\"gregory\",\"passwd\":{\"key\":\"gregory-passwd\",\"name\":\"gregory-bootstrap-secret\"},\"sudo\":\"ALL=(ALL) NOPASSWD:ALL\"}]},\"instanceID\":\"f39c687c-d426-425a-b6fb-11eb90ccbc52\"}},\"className\":\"best-effort-small\",\"image\":{\"kind\":\"ClusterVirtualMachineImage\",\"name\":\"vmi-81775fc9d7e0c99bd\"},\"imageName\":\"vmi-81775fc9d7e0c99bd\",\"instanceUUID\":\"64a16b6e-b235-4e67-a80b-1556c3a9c6b6\",\"network\":{\"interfaces\":[{\"name\":\"eth0\",\"network\":{\"kind\":\"Subnet\",\"name\":\"vcfcli-3nqm-subnet\"}}]},\"powerOffMode\":\"TrySoft\",\"powerState\":\"PoweredOn\",\"promoteDisksMode\":\"Online\",\"restartMode\":\"TrySoft\",\"storageClass\":\"vsan-default-storage-policy\",\"suspendMode\":\"TrySoft\"},\"status\":{}}",
                    "vmoperator.vmware.com/created-at-build-version": "0.1.0+84ec096+1.9.0+25072488",
                    "vmoperator.vmware.com/created-at-schema-version": "v1alpha4"
                  },
                  "creationTimestamp": null,
                  "deletionGracePeriodSeconds": null,
                  "deletionTimestamp": null,
                  "finalizers": null,
                  "generateName": null,
                  "generation": null,
                  "labels": {
                    "vcfcli-3nqm-vm": "vm-lb-selector",
                    "vm-selector": "vcfcli-3nqm-vm"
                  },
                  "managedFields": null,
                  "name": "vcfcli-3nqm-vm",
                  "namespace": "greg01-b2y9g",
                  "ownerReferences": null,
                  "resourceVersion": null,
                  "selfLink": null,
                  "uid": null
                },
                "spec": {
                  "advanced": {
                    "bootDiskCapacity": null,
                    "changeBlockTracking": null,
                    "defaultVolumeProvisioningMode": null
                  },
                  "biosUUID": "f39c687c-d426-425a-b6fb-11eb90ccbc52",
                  "bootstrap": {
                    "cloudInit": {
                      "cloudConfig": {
                        "defaultUserEnabled": true,
                        "runcmd": null,
                        "ssh_pwauth": true,
                        "timezone": null,
                        "users": [
                          {
                            "create_groups": null,
                            "expiredate": null,
                            "gecos": null,
                            "groups": null,
                            "hashed_passwd": {
                              "key": null,
                              "name": null
                            },
                            "homedir": null,
                            "inactive": null,
                            "lock_passwd": false,
                            "name": "gregory",
                            "no_create_home": null,
                            "no_log_init": null,
                            "no_user_group": null,
                            "passwd": {
                              "key": "gregory-passwd",
                              "name": "gregory-bootstrap-secret"
                            },
                            "primary_group": null,
                            "selinux_user": null,
                            "shell": null,
                            "snapuser": null,
                            "ssh_authorized_keys": null,
                            "ssh_import_id": null,
                            "ssh_redirect_user": null,
                            "sudo": "ALL=(ALL) NOPASSWD:ALL",
                            "system": null,
                            "uid": null
                          }
                        ],
                        "write_files": null
                      },
                      "instanceID": "f39c687c-d426-425a-b6fb-11eb90ccbc52",
                      "rawCloudConfig": {
                        "key": null,
                        "name": null
                      },
                      "sshAuthorizedKeys": null,
                      "useGlobalNameserversAsDefault": null,
                      "useGlobalSearchDomainsAsDefault": null
                    },
                    "linuxPrep": {
                      "hardwareClockIsUTC": null,
                      "timeZone": null
                    },
                    "sysprep": {
                      "rawSysprep": {
                        "key": null,
                        "name": null
                      },
                      "sysprep": {
                        "guiRunOnce": {
                          "commands": null
                        },
                        "guiUnattended": {
                          "autoLogon": null,
                          "autoLogonCount": null,
                          "password": {
                            "key": null,
                            "name": null
                          },
                          "timeZone": null
                        },
                        "identification": {
                          "domainAdmin": null,
                          "domainAdminPassword": {
                            "key": null,
                            "name": null
                          },
                          "domainOU": null,
                          "joinWorkgroup": null
                        },
                        "licenseFilePrintData": {
                          "autoMode": null,
                          "autoUsers": null
                        },
                        "userData": {
                          "fullName": null,
                          "orgName": null,
                          "productID": {
                            "key": null,
                            "name": null
                          }
                        }
                      }
                    },
                    "vAppConfig": {
                      "properties": null,
                      "rawProperties": null
                    }
                  },
                  "cdrom": null,
                  "className": "best-effort-small",
                  "crypto": {
                    "encryptionClassName": null,
                    "useDefaultKeyProvider": null
                  },
                  "guestID": null,
                  "image": {
                    "kind": "ClusterVirtualMachineImage",
                    "name": "vmi-81775fc9d7e0c99bd"
                  },
                  "imageName": "vmi-81775fc9d7e0c99bd",
                  "instanceUUID": "64a16b6e-b235-4e67-a80b-1556c3a9c6b6",
                  "minHardwareVersion": null,
                  "network": {
                    "disabled": null,
                    "domainName": null,
                    "hostName": null,
                    "interfaces": [
                      {
                        "addresses": null,
                        "dhcp4": null,
                        "dhcp6": null,
                        "gateway4": null,
                        "gateway6": null,
                        "guestDeviceName": null,
                        "mtu": null,
                        "name": "eth0",
                        "nameservers": null,
                        "network": {
                          "apiVersion": null,
                          "kind": "Subnet",
                          "name": "vcfcli-3nqm-subnet"
                        },
                        "routes": null,
                        "searchDomains": null
                      }
                    ],
                    "nameservers": null,
                    "searchDomains": null
                  },
                  "nextRestartTime": null,
                  "powerOffMode": "TrySoft",
                  "powerState": "PoweredOn",
                  "readinessProbe": {
                    "guestHeartbeat": {
                      "thresholdStatus": null
                    },
                    "guestInfo": null,
                    "periodSeconds": null,
                    "tcpSocket": {
                      "host": null,
                      "port": null
                    },
                    "timeoutSeconds": null
                  },
                  "reserved": {
                    "resourcePolicyName": null
                  },
                  "restartMode": "TrySoft",
                  "storageClass": "vsan-default-storage-policy",
                  "suspendMode": "TrySoft",
                  "volumes": null
                }
              },
              "type": [
                "object",
                {
                  "apiVersion": "string",
                  "kind": "string",
                  "metadata": [
                    "object",
                    {
                      "annotations": [
                        "map",
                        "string"
                      ],
                      "creationTimestamp": "string",
                      "deletionGracePeriodSeconds": "number",
                      "deletionTimestamp": "string",
                      "finalizers": [
                        "list",
                        "string"
                      ],
                      "generateName": "string",
                      "generation": "number",
                      "labels": [
                        "map",
                        "string"
                      ],
                      "managedFields": [
                        "tuple",
                        [
                          [
                            "object",
                            {
                              "apiVersion": "string",
                              "fieldsType": "string",
                              "fieldsV1": "dynamic",
                              "manager": "string",
                              "operation": "string",
                              "subresource": "string",
                              "time": "string"
                            }
                          ]
                        ]
                      ],
                      "name": "string",
                      "namespace": "string",
                      "ownerReferences": [
                        "list",
                        [
                          "object",
                          {
                            "apiVersion": "string",
                            "blockOwnerDeletion": "bool",
                            "controller": "bool",
                            "kind": "string",
                            "name": "string",
                            "uid": "string"
                          }
                        ]
                      ],
                      "resourceVersion": "string",
                      "selfLink": "string",
                      "uid": "string"
                    }
                  ],
                  "spec": [
                    "object",
                    {
                      "advanced": [
                        "object",
                        {
                          "bootDiskCapacity": "string",
                          "changeBlockTracking": "bool",
                          "defaultVolumeProvisioningMode": "string"
                        }
                      ],
                      "biosUUID": "string",
                      "bootstrap": [
                        "object",
                        {
                          "cloudInit": [
                            "object",
                            {
                              "cloudConfig": [
                                "object",
                                {
                                  "defaultUserEnabled": "bool",
                                  "runcmd": "dynamic",
                                  "ssh_pwauth": "bool",
                                  "timezone": "string",
                                  "users": [
                                    "list",
                                    [
                                      "object",
                                      {
                                        "create_groups": "bool",
                                        "expiredate": "string",
                                        "gecos": "string",
                                        "groups": [
                                          "list",
                                          "string"
                                        ],
                                        "hashed_passwd": [
                                          "object",
                                          {
                                            "key": "string",
                                            "name": "string"
                                          }
                                        ],
                                        "homedir": "string",
                                        "inactive": "number",
                                        "lock_passwd": "bool",
                                        "name": "string",
                                        "no_create_home": "bool",
                                        "no_log_init": "bool",
                                        "no_user_group": "bool",
                                        "passwd": [
                                          "object",
                                          {
                                            "key": "string",
                                            "name": "string"
                                          }
                                        ],
                                        "primary_group": "string",
                                        "selinux_user": "string",
                                        "shell": "string",
                                        "snapuser": "string",
                                        "ssh_authorized_keys": [
                                          "list",
                                          "string"
                                        ],
                                        "ssh_import_id": [
                                          "list",
                                          "string"
                                        ],
                                        "ssh_redirect_user": "bool",
                                        "sudo": "string",
                                        "system": "bool",
                                        "uid": "number"
                                      }
                                    ]
                                  ],
                                  "write_files": [
                                    "tuple",
                                    [
                                      [
                                        "object",
                                        {
                                          "append": "bool",
                                          "content": "dynamic",
                                          "defer": "bool",
                                          "encoding": "string",
                                          "owner": "string",
                                          "path": "string",
                                          "permissions": "string"
                                        }
                                      ]
                                    ]
                                  ]
                                }
                              ],
                              "instanceID": "string",
                              "rawCloudConfig": [
                                "object",
                                {
                                  "key": "string",
                                  "name": "string"
                                }
                              ],
                              "sshAuthorizedKeys": [
                                "list",
                                "string"
                              ],
                              "useGlobalNameserversAsDefault": "bool",
                              "useGlobalSearchDomainsAsDefault": "bool"
                            }
                          ],
                          "linuxPrep": [
                            "object",
                            {
                              "hardwareClockIsUTC": "bool",
                              "timeZone": "string"
                            }
                          ],
                          "sysprep": [
                            "object",
                            {
                              "rawSysprep": [
                                "object",
                                {
                                  "key": "string",
                                  "name": "string"
                                }
                              ],
                              "sysprep": [
                                "object",
                                {
                                  "guiRunOnce": [
                                    "object",
                                    {
                                      "commands": [
                                        "list",
                                        "string"
                                      ]
                                    }
                                  ],
                                  "guiUnattended": [
                                    "object",
                                    {
                                      "autoLogon": "bool",
                                      "autoLogonCount": "number",
                                      "password": [
                                        "object",
                                        {
                                          "key": "string",
                                          "name": "string"
                                        }
                                      ],
                                      "timeZone": "number"
                                    }
                                  ],
                                  "identification": [
                                    "object",
                                    {
                                      "domainAdmin": "string",
                                      "domainAdminPassword": [
                                        "object",
                                        {
                                          "key": "string",
                                          "name": "string"
                                        }
                                      ],
                                      "domainOU": "string",
                                      "joinWorkgroup": "string"
                                    }
                                  ],
                                  "licenseFilePrintData": [
                                    "object",
                                    {
                                      "autoMode": "string",
                                      "autoUsers": "number"
                                    }
                                  ],
                                  "userData": [
                                    "object",
                                    {
                                      "fullName": "string",
                                      "orgName": "string",
                                      "productID": [
                                        "object",
                                        {
                                          "key": "string",
                                          "name": "string"
                                        }
                                      ]
                                    }
                                  ]
                                }
                              ]
                            }
                          ],
                          "vAppConfig": [
                            "object",
                            {
                              "properties": [
                                "list",
                                [
                                  "object",
                                  {
                                    "key": "string",
                                    "value": [
                                      "object",
                                      {
                                        "from": [
                                          "object",
                                          {
                                            "key": "string",
                                            "name": "string"
                                          }
                                        ],
                                        "value": "string"
                                      }
                                    ]
                                  }
                                ]
                              ],
                              "rawProperties": "string"
                            }
                          ]
                        }
                      ],
                      "cdrom": [
                        "list",
                        [
                          "object",
                          {
                            "allowGuestControl": "bool",
                            "connected": "bool",
                            "image": [
                              "object",
                              {
                                "kind": "string",
                                "name": "string"
                              }
                            ],
                            "name": "string"
                          }
                        ]
                      ],
                      "className": "string",
                      "crypto": [
                        "object",
                        {
                          "encryptionClassName": "string",
                          "useDefaultKeyProvider": "bool"
                        }
                      ],
                      "guestID": "string",
                      "image": [
                        "object",
                        {
                          "kind": "string",
                          "name": "string"
                        }
                      ],
                      "imageName": "string",
                      "instanceUUID": "string",
                      "minHardwareVersion": "number",
                      "network": [
                        "object",
                        {
                          "disabled": "bool",
                          "domainName": "string",
                          "hostName": "string",
                          "interfaces": [
                            "list",
                            [
                              "object",
                              {
                                "addresses": [
                                  "list",
                                  "string"
                                ],
                                "dhcp4": "bool",
                                "dhcp6": "bool",
                                "gateway4": "string",
                                "gateway6": "string",
                                "guestDeviceName": "string",
                                "mtu": "number",
                                "name": "string",
                                "nameservers": [
                                  "list",
                                  "string"
                                ],
                                "network": [
                                  "object",
                                  {
                                    "apiVersion": "string",
                                    "kind": "string",
                                    "name": "string"
                                  }
                                ],
                                "routes": [
                                  "list",
                                  [
                                    "object",
                                    {
                                      "metric": "number",
                                      "to": "string",
                                      "via": "string"
                                    }
                                  ]
                                ],
                                "searchDomains": [
                                  "list",
                                  "string"
                                ]
                              }
                            ]
                          ],
                          "nameservers": [
                            "list",
                            "string"
                          ],
                          "searchDomains": [
                            "list",
                            "string"
                          ]
                        }
                      ],
                      "nextRestartTime": "string",
                      "powerOffMode": "string",
                      "powerState": "string",
                      "readinessProbe": [
                        "object",
                        {
                          "guestHeartbeat": [
                            "object",
                            {
                              "thresholdStatus": "string"
                            }
                          ],
                          "guestInfo": [
                            "list",
                            [
                              "object",
                              {
                                "key": "string",
                                "value": "string"
                              }
                            ]
                          ],
                          "periodSeconds": "number",
                          "tcpSocket": [
                            "object",
                            {
                              "host": "string",
                              "port": "string"
                            }
                          ],
                          "timeoutSeconds": "number"
                        }
                      ],
                      "reserved": [
                        "object",
                        {
                          "resourcePolicyName": "string"
                        }
                      ],
                      "restartMode": "string",
                      "storageClass": "string",
                      "suspendMode": "string",
                      "volumes": [
                        "list",
                        [
                          "object",
                          {
                            "name": "string",
                            "persistentVolumeClaim": [
                              "object",
                              {
                                "claimName": "string",
                                "instanceVolumeClaim": [
                                  "object",
                                  {
                                    "size": "string",
                                    "storageClass": "string"
                                  }
                                ],
                                "readOnly": "bool"
                              }
                            ]
                          }
                        ]
                      ]
                    }
                  ]
                }
              ]
            },
            "timeouts": [],
            "wait": [],
            "wait_for": null
          },
          "sensitive_attributes": [],
          "identity_schema_version": 1,
          "identity": {
            "api_version": "vmoperator.vmware.com/v1alpha3",
            "kind": "VirtualMachine",
            "name": "vcfcli-3nqm-vm",
            "namespace": "greg01-b2y9g"
          },
          "dependencies": [
            "kubernetes_manifest.vcfcli_subnet"
          ]
        }
      ]
    }
  ],
  "check_results": null
}
